
Microsoft Visual Studio Solution File, Format Version 12.00
# Visual Studio 15
VisualStudioVersion = 15.0.28306.52
MinimumVisualStudioVersion = 10.0.40219.1
Project("{2150E333-8FDC-42A3-9474-1A3956D46DE8}") = "src", "src", "{F7E62B8C-7BAD-4DE5-BCB1-FDDCAB2B3542}"
EndProject
Project("{9A19103F-16F7-4668-BE54-9A1E7A4F7556}") = "Ex.Microsoft.AspNetCore.Identity.AzureStorageAccount", "src\Ex.Microsoft.AspNetCore.Identity.AzureStorageAccount\Ex.Microsoft.AspNetCore.Identity.AzureStorageAccount.csproj", "{C1259B95-7A52-4415-BFB0-1B8D23230500}"
EndProject
Global
	GlobalSection(SolutionConfigurationPlatforms) = preSolution
		Debug|Any CPU = Debug|Any CPU
		Release|Any CPU = Release|Any CPU
	EndGlobalSection
	GlobalSection(ProjectConfigurationPlatforms) = postSolution
		{C1259B95-7A52-4415-BFB0-1B8D23230500}.Debug|Any CPU.ActiveCfg = Debug|Any CPU
		{C1259B95-7A52-4415-BFB0-1B8D23230500}.Debug|Any CPU.Build.0 = Debug|Any CPU
		{C1259B95-7A52-4415-BFB0-1B8D23230500}.Release|Any CPU.ActiveCfg = Release|Any CPU
		{C1259B95-7A52-4415-BFB0-1B8D23230500}.Release|Any CPU.Build.0 = Release|Any CPU
	EndGlobalSection
	GlobalSection(SolutionProperties) = preSolution
		HideSolutionNode = FALSE
	EndGlobalSection
	GlobalSection(NestedProjects) = preSolution
		{C1259B95-7A52-4415-BFB0-1B8D23230500} = {F7E62B8C-7BAD-4DE5-BCB1-FDDCAB2B3542}
	EndGlobalSection
	GlobalSection(ExtensibilityGlobals) = postSolution
		SolutionGuid = {471BB0E2-617F-4AF4-A6AB-2625D1721A6B}
	EndGlobalSection
EndGlobal
